
Microsoft Visual Studio Solution File, Format Version 12.00
# Visual Studio Version 17
VisualStudioVersion = 17.11.35327.3
MinimumVisualStudioVersion = 10.0.40219.1
Project("{9A19103F-16F7-4668-BE54-9A1E7A4F7556}") = "BioinformaticsFirstProject", "BioinformaticsFirstProject.csproj", "{A7C54783-115F-4F5A-BFF3-1DBC1E9E2C68}"
EndProject
Project("{9A19103F-16F7-4668-BE54-9A1E7A4F7556}") = "BioinformaticsFirstProjectUnitTests", "..\BioinformaticsFirstProjectUnitTests\BioinformaticsFirstProjectUnitTests.csproj", "{1D0D0EE8-CCE6-4AF2-8A39-7F8A8F406E28}"
EndProject
Global
	GlobalSection(SolutionConfigurationPlatforms) = preSolution
		Debug|Any CPU = Debug|Any CPU
		Release|Any CPU = Release|Any CPU
	EndGlobalSection
	GlobalSection(ProjectConfigurationPlatforms) = postSolution
		{A7C54783-115F-4F5A-BFF3-1DBC1E9E2C68}.Debug|Any CPU.ActiveCfg = Debug|Any CPU
		{A7C54783-115F-4F5A-BFF3-1DBC1E9E2C68}.Debug|Any CPU.Build.0 = Debug|Any CPU
		{A7C54783-115F-4F5A-BFF3-1DBC1E9E2C68}.Release|Any CPU.ActiveCfg = Release|Any CPU
		{A7C54783-115F-4F5A-BFF3-1DBC1E9E2C68}.Release|Any CPU.Build.0 = Release|Any CPU
		{1D0D0EE8-CCE6-4AF2-8A39-7F8A8F406E28}.Debug|Any CPU.ActiveCfg = Debug|Any CPU
		{1D0D0EE8-CCE6-4AF2-8A39-7F8A8F406E28}.Debug|Any CPU.Build.0 = Debug|Any CPU
		{1D0D0EE8-CCE6-4AF2-8A39-7F8A8F406E28}.Release|Any CPU.ActiveCfg = Release|Any CPU
		{1D0D0EE8-CCE6-4AF2-8A39-7F8A8F406E28}.Release|Any CPU.Build.0 = Release|Any CPU
	EndGlobalSection
	GlobalSection(SolutionProperties) = preSolution
		HideSolutionNode = FALSE
	EndGlobalSection
	GlobalSection(ExtensibilityGlobals) = postSolution
		SolutionGuid = {A4BD90C6-EBC4-4E33-9BA1-DDD2E126F877}
	EndGlobalSection
EndGlobal
