
Microsoft Visual Studio Solution File, Format Version 12.00
# Visual Studio Version 17
VisualStudioVersion = 17.11.35327.3
MinimumVisualStudioVersion = 10.0.40219.1
Project("{9A19103F-16F7-4668-BE54-9A1E7A4F7556}") = "BioinformaticsFirstProject", "BioinformaticsFirstProject\BioinformaticsFirstProject.csproj", "{5F352911-802B-46E3-9E1D-72F4181FA022}"
EndProject
Project("{9A19103F-16F7-4668-BE54-9A1E7A4F7556}") = "BioinformaticsFirstProjectUnitTests", "BioinformaticsFirstProjectUnitTests\BioinformaticsFirstProjectUnitTests.csproj", "{C7C18CCE-2625-4CE4-B01D-264BBAE4536D}"
EndProject
Global
	GlobalSection(SolutionConfigurationPlatforms) = preSolution
		Debug|Any CPU = Debug|Any CPU
		Release|Any CPU = Release|Any CPU
	EndGlobalSection
	GlobalSection(ProjectConfigurationPlatforms) = postSolution
		{5F352911-802B-46E3-9E1D-72F4181FA022}.Debug|Any CPU.ActiveCfg = Debug|Any CPU
		{5F352911-802B-46E3-9E1D-72F4181FA022}.Debug|Any CPU.Build.0 = Debug|Any CPU
		{5F352911-802B-46E3-9E1D-72F4181FA022}.Release|Any CPU.ActiveCfg = Release|Any CPU
		{5F352911-802B-46E3-9E1D-72F4181FA022}.Release|Any CPU.Build.0 = Release|Any CPU
		{C7C18CCE-2625-4CE4-B01D-264BBAE4536D}.Debug|Any CPU.ActiveCfg = Debug|Any CPU
		{C7C18CCE-2625-4CE4-B01D-264BBAE4536D}.Debug|Any CPU.Build.0 = Debug|Any CPU
		{C7C18CCE-2625-4CE4-B01D-264BBAE4536D}.Release|Any CPU.ActiveCfg = Release|Any CPU
		{C7C18CCE-2625-4CE4-B01D-264BBAE4536D}.Release|Any CPU.Build.0 = Release|Any CPU
	EndGlobalSection
	GlobalSection(SolutionProperties) = preSolution
		HideSolutionNode = FALSE
	EndGlobalSection
	GlobalSection(ExtensibilityGlobals) = postSolution
		SolutionGuid = {9886FCF5-2E32-46CF-88C5-CE9E0E6072D6}
	EndGlobalSection
EndGlobal
